
Microsoft Visual Studio Solution File, Format Version 12.00
# Visual Studio 15
VisualStudioVersion = 15.0.26228.4
MinimumVisualStudioVersion = 10.0.40219.1
Project("{FAE04EC0-301F-11D3-BF4B-00C04F79EFBC}") = "CadastroClientes", "CadastroClientes.csproj", "{423E1C53-6AB3-4C08-B617-FF084E18A4DC}"
EndProject
Global
	GlobalSection(SolutionConfigurationPlatforms) = preSolution
		Debug|Any CPU = Debug|Any CPU
		Release|Any CPU = Release|Any CPU
	EndGlobalSection
	GlobalSection(ProjectConfigurationPlatforms) = postSolution
		{423E1C53-6AB3-4C08-B617-FF084E18A4DC}.Debug|Any CPU.ActiveCfg = Debug|Any CPU
		{423E1C53-6AB3-4C08-B617-FF084E18A4DC}.Debug|Any CPU.Build.0 = Debug|Any CPU
		{423E1C53-6AB3-4C08-B617-FF084E18A4DC}.Release|Any CPU.ActiveCfg = Release|Any CPU
		{423E1C53-6AB3-4C08-B617-FF084E18A4DC}.Release|Any CPU.Build.0 = Release|Any CPU
	EndGlobalSection
	GlobalSection(SolutionProperties) = preSolution
		HideSolutionNode = FALSE
	EndGlobalSection
EndGlobal
